
Microsoft Visual Studio Solution File, Format Version 12.00
# Visual Studio Version 16
VisualStudioVersion = 16.0.30002.166
MinimumVisualStudioVersion = 10.0.40219.1
Project("{9A19103F-16F7-4668-BE54-9A1E7A4F7556}") = "BlazorAdvance", "BlazorAdvance\BlazorAdvance.csproj", "{B8AAB304-5B37-4B54-9B26-FBB929873C69}"
EndProject
Global
	GlobalSection(SolutionConfigurationPlatforms) = preSolution
		Debug|Any CPU = Debug|Any CPU
		Release|Any CPU = Release|Any CPU
	EndGlobalSection
	GlobalSection(ProjectConfigurationPlatforms) = postSolution
		{B8AAB304-5B37-4B54-9B26-FBB929873C69}.Debug|Any CPU.ActiveCfg = Debug|Any CPU
		{B8AAB304-5B37-4B54-9B26-FBB929873C69}.Debug|Any CPU.Build.0 = Debug|Any CPU
		{B8AAB304-5B37-4B54-9B26-FBB929873C69}.Release|Any CPU.ActiveCfg = Release|Any CPU
		{B8AAB304-5B37-4B54-9B26-FBB929873C69}.Release|Any CPU.Build.0 = Release|Any CPU
	EndGlobalSection
	GlobalSection(SolutionProperties) = preSolution
		HideSolutionNode = FALSE
	EndGlobalSection
	GlobalSection(ExtensibilityGlobals) = postSolution
		SolutionGuid = {D72F2010-FDA9-4D40-86CF-3190A4D17129}
	EndGlobalSection
EndGlobal
