
Microsoft Visual Studio Solution File, Format Version 12.00
# Visual Studio Version 16
VisualStudioVersion = 16.0.29911.84
MinimumVisualStudioVersion = 10.0.40219.1
Project("{FAE04EC0-301F-11D3-BF4B-00C04F79EFBC}") = "MVC_Basic", "MVC_Basic\MVC_Basic.csproj", "{91638A5C-9861-4BB2-AE61-CDD4DEF8203B}"
EndProject
Global
	GlobalSection(SolutionConfigurationPlatforms) = preSolution
		Debug|Any CPU = Debug|Any CPU
		Release|Any CPU = Release|Any CPU
	EndGlobalSection
	GlobalSection(ProjectConfigurationPlatforms) = postSolution
		{91638A5C-9861-4BB2-AE61-CDD4DEF8203B}.Debug|Any CPU.ActiveCfg = Debug|Any CPU
		{91638A5C-9861-4BB2-AE61-CDD4DEF8203B}.Debug|Any CPU.Build.0 = Debug|Any CPU
		{91638A5C-9861-4BB2-AE61-CDD4DEF8203B}.Release|Any CPU.ActiveCfg = Release|Any CPU
		{91638A5C-9861-4BB2-AE61-CDD4DEF8203B}.Release|Any CPU.Build.0 = Release|Any CPU
	EndGlobalSection
	GlobalSection(SolutionProperties) = preSolution
		HideSolutionNode = FALSE
	EndGlobalSection
	GlobalSection(ExtensibilityGlobals) = postSolution
		SolutionGuid = {BAAEBB63-5931-47E4-9F0A-3C8BDEFED304}
	EndGlobalSection
EndGlobal
