
Microsoft Visual Studio Solution File, Format Version 12.00
# Visual Studio Version 16
VisualStudioVersion = 16.0.29806.167
MinimumVisualStudioVersion = 10.0.40219.1
Project("{FAE04EC0-301F-11D3-BF4B-00C04F79EFBC}") = "Ques_01", "Ques_01\Ques_01.csproj", "{EA13B894-7CEF-4B4A-85ED-1BA603098729}"
EndProject
Project("{FAE04EC0-301F-11D3-BF4B-00C04F79EFBC}") = "Q8", "Q8\Q8.csproj", "{98AD91D8-7D98-4381-AFCF-07F04DADAD42}"
EndProject
Project("{FAE04EC0-301F-11D3-BF4B-00C04F79EFBC}") = "Ques_05", "Ques_05\Ques_05.csproj", "{983247D0-C05E-46D7-94A5-E37AD89D9F0D}"
EndProject
Global
	GlobalSection(SolutionConfigurationPlatforms) = preSolution
		Debug|Any CPU = Debug|Any CPU
		Release|Any CPU = Release|Any CPU
	EndGlobalSection
	GlobalSection(ProjectConfigurationPlatforms) = postSolution
		{EA13B894-7CEF-4B4A-85ED-1BA603098729}.Debug|Any CPU.ActiveCfg = Debug|Any CPU
		{EA13B894-7CEF-4B4A-85ED-1BA603098729}.Debug|Any CPU.Build.0 = Debug|Any CPU
		{EA13B894-7CEF-4B4A-85ED-1BA603098729}.Release|Any CPU.ActiveCfg = Release|Any CPU
		{EA13B894-7CEF-4B4A-85ED-1BA603098729}.Release|Any CPU.Build.0 = Release|Any CPU
		{98AD91D8-7D98-4381-AFCF-07F04DADAD42}.Debug|Any CPU.ActiveCfg = Debug|Any CPU
		{98AD91D8-7D98-4381-AFCF-07F04DADAD42}.Debug|Any CPU.Build.0 = Debug|Any CPU
		{98AD91D8-7D98-4381-AFCF-07F04DADAD42}.Release|Any CPU.ActiveCfg = Release|Any CPU
		{98AD91D8-7D98-4381-AFCF-07F04DADAD42}.Release|Any CPU.Build.0 = Release|Any CPU
		{983247D0-C05E-46D7-94A5-E37AD89D9F0D}.Debug|Any CPU.ActiveCfg = Debug|Any CPU
		{983247D0-C05E-46D7-94A5-E37AD89D9F0D}.Debug|Any CPU.Build.0 = Debug|Any CPU
		{983247D0-C05E-46D7-94A5-E37AD89D9F0D}.Release|Any CPU.ActiveCfg = Release|Any CPU
		{983247D0-C05E-46D7-94A5-E37AD89D9F0D}.Release|Any CPU.Build.0 = Release|Any CPU
	EndGlobalSection
	GlobalSection(SolutionProperties) = preSolution
		HideSolutionNode = FALSE
	EndGlobalSection
	GlobalSection(ExtensibilityGlobals) = postSolution
		SolutionGuid = {CE7B24B2-662D-4DF9-BDB2-0EC1C7BC83B1}
	EndGlobalSection
EndGlobal
