
Microsoft Visual Studio Solution File, Format Version 12.00
# Visual Studio Version 16
VisualStudioVersion = 16.0.29806.167
MinimumVisualStudioVersion = 10.0.40219.1
Project("{FAE04EC0-301F-11D3-BF4B-00C04F79EFBC}") = "Exercise_1", "Exercise_1.csproj", "{1485C187-12EB-4C0C-9A84-DC4797E09315}"
EndProject
Global
	GlobalSection(SolutionConfigurationPlatforms) = preSolution
		Debug|Any CPU = Debug|Any CPU
		Release|Any CPU = Release|Any CPU
	EndGlobalSection
	GlobalSection(ProjectConfigurationPlatforms) = postSolution
		{1485C187-12EB-4C0C-9A84-DC4797E09315}.Debug|Any CPU.ActiveCfg = Debug|Any CPU
		{1485C187-12EB-4C0C-9A84-DC4797E09315}.Debug|Any CPU.Build.0 = Debug|Any CPU
		{1485C187-12EB-4C0C-9A84-DC4797E09315}.Release|Any CPU.ActiveCfg = Release|Any CPU
		{1485C187-12EB-4C0C-9A84-DC4797E09315}.Release|Any CPU.Build.0 = Release|Any CPU
	EndGlobalSection
	GlobalSection(SolutionProperties) = preSolution
		HideSolutionNode = FALSE
	EndGlobalSection
	GlobalSection(ExtensibilityGlobals) = postSolution
		SolutionGuid = {2924A113-DF57-476F-BB26-C2ED50349525}
	EndGlobalSection
EndGlobal
