
Microsoft Visual Studio Solution File, Format Version 12.00
# Visual Studio Version 16
VisualStudioVersion = 16.0.29911.84
MinimumVisualStudioVersion = 10.0.40219.1
Project("{FAE04EC0-301F-11D3-BF4B-00C04F79EFBC}") = "entity_advance", "entity_advance\entity_advance.csproj", "{99D220EA-60A5-42A9-A35B-746759C9CB77}"
EndProject
Global
	GlobalSection(SolutionConfigurationPlatforms) = preSolution
		Debug|Any CPU = Debug|Any CPU
		Release|Any CPU = Release|Any CPU
	EndGlobalSection
	GlobalSection(ProjectConfigurationPlatforms) = postSolution
		{99D220EA-60A5-42A9-A35B-746759C9CB77}.Debug|Any CPU.ActiveCfg = Debug|Any CPU
		{99D220EA-60A5-42A9-A35B-746759C9CB77}.Debug|Any CPU.Build.0 = Debug|Any CPU
		{99D220EA-60A5-42A9-A35B-746759C9CB77}.Release|Any CPU.ActiveCfg = Release|Any CPU
		{99D220EA-60A5-42A9-A35B-746759C9CB77}.Release|Any CPU.Build.0 = Release|Any CPU
	EndGlobalSection
	GlobalSection(SolutionProperties) = preSolution
		HideSolutionNode = FALSE
	EndGlobalSection
	GlobalSection(ExtensibilityGlobals) = postSolution
		SolutionGuid = {BDB84420-2332-487A-A9A0-883B3A94E500}
	EndGlobalSection
EndGlobal
